
Microsoft Visual Studio Solution File, Format Version 12.00
# Visual Studio Version 17
VisualStudioVersion = 17.13.35818.85 d17.13
MinimumVisualStudioVersion = 10.0.40219.1
Project("{FAE04EC0-301F-11D3-BF4B-00C04F79EFBC}") = "ButonOdevi", "ButonOdevi\ButonOdevi.csproj", "{0DF1A0F1-8E26-4CB4-8714-0283879D50F0}"
EndProject
Global
	GlobalSection(SolutionConfigurationPlatforms) = preSolution
		Debug|Any CPU = Debug|Any CPU
		Release|Any CPU = Release|Any CPU
	EndGlobalSection
	GlobalSection(ProjectConfigurationPlatforms) = postSolution
		{0DF1A0F1-8E26-4CB4-8714-0283879D50F0}.Debug|Any CPU.ActiveCfg = Debug|Any CPU
		{0DF1A0F1-8E26-4CB4-8714-0283879D50F0}.Debug|Any CPU.Build.0 = Debug|Any CPU
		{0DF1A0F1-8E26-4CB4-8714-0283879D50F0}.Release|Any CPU.ActiveCfg = Release|Any CPU
		{0DF1A0F1-8E26-4CB4-8714-0283879D50F0}.Release|Any CPU.Build.0 = Release|Any CPU
	EndGlobalSection
	GlobalSection(SolutionProperties) = preSolution
		HideSolutionNode = FALSE
	EndGlobalSection
	GlobalSection(ExtensibilityGlobals) = postSolution
		SolutionGuid = {836C5D80-D30D-469C-9E5C-77D2DC665BFA}
	EndGlobalSection
EndGlobal
